{
  "name": "prompt",
  "lockfileVersion": 3,
  "requires": true,
  "packages": {
    "": {
      "dependencies": {
        "htmx.org": "^2.0.3"
      }
    },
    "node_modules/htmx.org": {
      "version": "2.0.3",
      "resolved": "https://registry.npmjs.org/htmx.org/-/htmx.org-2.0.3.tgz",
      "integrity": "sha512-AeoJUAjkCVVajbfKX+3sVQBTCt8Ct4lif1T+z/tptTXo8+8yyq3QIMQQe/IT+R8ssfrO1I0DeX4CAronzCL6oA==",
      "license": "0BSD"
    }
  }
}
